// !$*UTF8*$!
{
	archiveVersion = 1;
	classes = {
	};
	objectVersion = 50;
	objects = {

/* Begin PBXBuildFile section */
		3284E29925458E3C001F14AA /* AppDelegate.swift in Sources */ = {isa = PBXBuildFile; fileRef = 3284E29825458E3C001F14AA /* AppDelegate.swift */; };
		3284E29B25458E3C001F14AA /* SceneDelegate.swift in Sources */ = {isa = PBXBuildFile; fileRef = 3284E29A25458E3C001F14AA /* SceneDelegate.swift */; };
		3284E29D25458E3C001F14AA /* ViewController.swift in Sources */ = {isa = PBXBuildFile; fileRef = 3284E29C25458E3C001F14AA /* ViewController.swift */; };
		3284E2A025458E3C001F14AA /* Main.storyboard in Resources */ = {isa = PBXBuildFile; fileRef = 3284E29E25458E3C001F14AA /* Main.storyboard */; };
		3284E2A525458E3D001F14AA /* LaunchScreen.storyboard in Resources */ = {isa = PBXBuildFile; fileRef = 3284E2A325458E3D001F14AA /* LaunchScreen.storyboard */; };
		3284E2B425458E56001F14AA /* UITests.swift in Sources */ = {isa = PBXBuildFile; fileRef = 3284E2B325458E56001F14AA /* UITests.swift */; };
		3284E2C425458E66001F14AA /* SecondUITests.swift in Sources */ = {isa = PBXBuildFile; fileRef = 3284E2C325458E66001F14AA /* SecondUITests.swift */; };
/* End PBXBuildFile section */

/* Begin PBXContainerItemProxy section */
		3284E2B625458E56001F14AA /* PBXContainerItemProxy */ = {
			isa = PBXContainerItemProxy;
			containerPortal = 3284E28D25458E3C001F14AA /* Project object */;
			proxyType = 1;
			remoteGlobalIDString = 3284E29425458E3C001F14AA;
			remoteInfo = FlankMultiTestTargetsExample;
		};
		3284E2C625458E66001F14AA /* PBXContainerItemProxy */ = {
			isa = PBXContainerItemProxy;
			containerPortal = 3284E28D25458E3C001F14AA /* Project object */;
			proxyType = 1;
			remoteGlobalIDString = 3284E29425458E3C001F14AA;
			remoteInfo = FlankMultiTestTargetsExample;
		};
/* End PBXContainerItemProxy section */

/* Begin PBXFileReference section */
		3284E29525458E3C001F14AA /* FlankMultiTestTargetsExample.app */ = {isa = PBXFileReference; explicitFileType = wrapper.application; includeInIndex = 0; path = FlankMultiTestTargetsExample.app; sourceTree = BUILT_PRODUCTS_DIR; };
		3284E29825458E3C001F14AA /* AppDelegate.swift */ = {isa = PBXFileReference; lastKnownFileType = sourcecode.swift; path = AppDelegate.swift; sourceTree = "<group>"; };
		3284E29A25458E3C001F14AA /* SceneDelegate.swift */ = {isa = PBXFileReference; lastKnownFileType = sourcecode.swift; path = SceneDelegate.swift; sourceTree = "<group>"; };
		3284E29C25458E3C001F14AA /* ViewController.swift */ = {isa = PBXFileReference; lastKnownFileType = sourcecode.swift; path = ViewController.swift; sourceTree = "<group>"; };
		3284E29F25458E3C001F14AA /* Base */ = {isa = PBXFileReference; lastKnownFileType = file.storyboard; name = Base; path = Base.lproj/Main.storyboard; sourceTree = "<group>"; };
		3284E2A425458E3D001F14AA /* Base */ = {isa = PBXFileReference; lastKnownFileType = file.storyboard; name = Base; path = Base.lproj/LaunchScreen.storyboard; sourceTree = "<group>"; };
		3284E2A625458E3D001F14AA /* Info.plist */ = {isa = PBXFileReference; lastKnownFileType = text.plist.xml; path = Info.plist; sourceTree = "<group>"; };
		3284E2B125458E56001F14AA /* UITests.xctest */ = {isa = PBXFileReference; explicitFileType = wrapper.cfbundle; includeInIndex = 0; path = UITests.xctest; sourceTree = BUILT_PRODUCTS_DIR; };
		3284E2B325458E56001F14AA /* UITests.swift */ = {isa = PBXFileReference; lastKnownFileType = sourcecode.swift; path = UITests.swift; sourceTree = "<group>"; };
		3284E2B525458E56001F14AA /* Info.plist */ = {isa = PBXFileReference; lastKnownFileType = text.plist.xml; path = Info.plist; sourceTree = "<group>"; };
		3284E2C125458E66001F14AA /* SecondUITests.xctest */ = {isa = PBXFileReference; explicitFileType = wrapper.cfbundle; includeInIndex = 0; path = SecondUITests.xctest; sourceTree = BUILT_PRODUCTS_DIR; };
		3284E2C325458E66001F14AA /* SecondUITests.swift */ = {isa = PBXFileReference; lastKnownFileType = sourcecode.swift; path = SecondUITests.swift; sourceTree = "<group>"; };
		3284E2C525458E66001F14AA /* Info.plist */ = {isa = PBXFileReference; lastKnownFileType = text.plist.xml; path = Info.plist; sourceTree = "<group>"; };
		3284E2D425459193001F14AA /* AllTests.xctestplan */ = {isa = PBXFileReference; lastKnownFileType = text; path = AllTests.xctestplan; sourceTree = "<group>"; };
/* End PBXFileReference section */

/* Begin PBXFrameworksBuildPhase section */
		3284E29225458E3C001F14AA /* Frameworks */ = {
			isa = PBXFrameworksBuildPhase;
			buildActionMask = 2147483647;
			files = (
			);
			runOnlyForDeploymentPostprocessing = 0;
		};
		3284E2AE25458E56001F14AA /* Frameworks */ = {
			isa = PBXFrameworksBuildPhase;
			buildActionMask = 2147483647;
			files = (
			);
			runOnlyForDeploymentPostprocessing = 0;
		};
		3284E2BE25458E66001F14AA /* Frameworks */ = {
			isa = PBXFrameworksBuildPhase;
			buildActionMask = 2147483647;
			files = (
			);
			runOnlyForDeploymentPostprocessing = 0;
		};
/* End PBXFrameworksBuildPhase section */

/* Begin PBXGroup section */
		32171558255186FA0082625F /* Assets */ = {
			isa = PBXGroup;
			children = (
				3284E29E25458E3C001F14AA /* Main.storyboard */,
				3284E2A325458E3D001F14AA /* LaunchScreen.storyboard */,
			);
			path = Assets;
			sourceTree = "<group>";
		};
		3284E28C25458E3C001F14AA = {
			isa = PBXGroup;
			children = (
				3284E2D425459193001F14AA /* AllTests.xctestplan */,
				3284E29725458E3C001F14AA /* FlankMultiTestTargetsExample */,
				3284E2B225458E56001F14AA /* UITests */,
				3284E2C225458E66001F14AA /* SecondUITests */,
				3284E29625458E3C001F14AA /* Products */,
			);
			sourceTree = "<group>";
		};
		3284E29625458E3C001F14AA /* Products */ = {
			isa = PBXGroup;
			children = (
				3284E29525458E3C001F14AA /* FlankMultiTestTargetsExample.app */,
				3284E2B125458E56001F14AA /* UITests.xctest */,
				3284E2C125458E66001F14AA /* SecondUITests.xctest */,
			);
			name = Products;
			sourceTree = "<group>";
		};
		3284E29725458E3C001F14AA /* FlankMultiTestTargetsExample */ = {
			isa = PBXGroup;
			children = (
				3284E29825458E3C001F14AA /* AppDelegate.swift */,
				3284E29A25458E3C001F14AA /* SceneDelegate.swift */,
				3284E29C25458E3C001F14AA /* ViewController.swift */,
				32171558255186FA0082625F /* Assets */,
				3284E2A625458E3D001F14AA /* Info.plist */,
			);
			path = FlankMultiTestTargetsExample;
			sourceTree = "<group>";
		};
		3284E2B225458E56001F14AA /* UITests */ = {
			isa = PBXGroup;
			children = (
				3284E2B325458E56001F14AA /* UITests.swift */,
				3284E2B525458E56001F14AA /* Info.plist */,
			);
			path = UITests;
			sourceTree = "<group>";
		};
		3284E2C225458E66001F14AA /* SecondUITests */ = {
			isa = PBXGroup;
			children = (
				3284E2C325458E66001F14AA /* SecondUITests.swift */,
				3284E2C525458E66001F14AA /* Info.plist */,
			);
			path = SecondUITests;
			sourceTree = "<group>";
		};
/* End PBXGroup section */

/* Begin PBXNativeTarget section */
		3284E29425458E3C001F14AA /* FlankMultiTestTargetsExample */ = {
			isa = PBXNativeTarget;
			buildConfigurationList = 3284E2A925458E3D001F14AA /* Build configuration list for PBXNativeTarget "FlankMultiTestTargetsExample" */;
			buildPhases = (
				3284E29125458E3C001F14AA /* Sources */,
				3284E29225458E3C001F14AA /* Frameworks */,
				3284E29325458E3C001F14AA /* Resources */,
			);
			buildRules = (
			);
			dependencies = (
			);
			name = FlankMultiTestTargetsExample;
			productName = FlankMultiTestTargetsExample;
			productReference = 3284E29525458E3C001F14AA /* FlankMultiTestTargetsExample.app */;
			productType = "com.apple.product-type.application";
		};
		3284E2B025458E56001F14AA /* UITests */ = {
			isa = PBXNativeTarget;
			buildConfigurationList = 3284E2B825458E56001F14AA /* Build configuration list for PBXNativeTarget "UITests" */;
			buildPhases = (
				3284E2AD25458E56001F14AA /* Sources */,
				3284E2AE25458E56001F14AA /* Frameworks */,
				3284E2AF25458E56001F14AA /* Resources */,
			);
			buildRules = (
			);
			dependencies = (
				3284E2B725458E56001F14AA /* PBXTargetDependency */,
			);
			name = UITests;
			productName = UITests;
			productReference = 3284E2B125458E56001F14AA /* UITests.xctest */;
			productType = "com.apple.product-type.bundle.ui-testing";
		};
		3284E2C025458E66001F14AA /* SecondUITests */ = {
			isa = PBXNativeTarget;
			buildConfigurationList = 3284E2C825458E66001F14AA /* Build configuration list for PBXNativeTarget "SecondUITests" */;
			buildPhases = (
				3284E2BD25458E66001F14AA /* Sources */,
				3284E2BE25458E66001F14AA /* Frameworks */,
				3284E2BF25458E66001F14AA /* Resources */,
			);
			buildRules = (
			);
			dependencies = (
				3284E2C725458E66001F14AA /* PBXTargetDependency */,
			);
			name = SecondUITests;
			productName = SecondUITests;
			productReference = 3284E2C125458E66001F14AA /* SecondUITests.xctest */;
			productType = "com.apple.product-type.bundle.ui-testing";
		};
/* End PBXNativeTarget section */

/* Begin PBXProject section */
		3284E28D25458E3C001F14AA /* Project object */ = {
			isa = PBXProject;
			attributes = {
				LastSwiftUpdateCheck = 1210;
				LastUpgradeCheck = 1210;
				TargetAttributes = {
					3284E29425458E3C001F14AA = {
						CreatedOnToolsVersion = 12.1;
					};
					3284E2B025458E56001F14AA = {
						CreatedOnToolsVersion = 12.1;
						TestTargetID = 3284E29425458E3C001F14AA;
					};
					3284E2C025458E66001F14AA = {
						CreatedOnToolsVersion = 12.1;
						TestTargetID = 3284E29425458E3C001F14AA;
					};
				};
			};
			buildConfigurationList = 3284E29025458E3C001F14AA /* Build configuration list for PBXProject "FlankMultiTestTargetsExample" */;
			compatibilityVersion = "Xcode 9.3";
			developmentRegion = en;
			hasScannedForEncodings = 0;
			knownRegions = (
				en,
				Base,
			);
			mainGroup = 3284E28C25458E3C001F14AA;
			productRefGroup = 3284E29625458E3C001F14AA /* Products */;
			projectDirPath = "";
			projectRoot = "";
			targets = (
				3284E29425458E3C001F14AA /* FlankMultiTestTargetsExample */,
				3284E2B025458E56001F14AA /* UITests */,
				3284E2C025458E66001F14AA /* SecondUITests */,
			);
		};
/* End PBXProject section */

/* Begin PBXResourcesBuildPhase section */
		3284E29325458E3C001F14AA /* Resources */ = {
			isa = PBXResourcesBuildPhase;
			buildActionMask = 2147483647;
			files = (
				3284E2A525458E3D001F14AA /* LaunchScreen.storyboard in Resources */,
				3284E2A025458E3C001F14AA /* Main.storyboard in Resources */,
			);
			runOnlyForDeploymentPostprocessing = 0;
		};
		3284E2AF25458E56001F14AA /* Resources */ = {
			isa = PBXResourcesBuildPhase;
			buildActionMask = 2147483647;
			files = (
			);
			runOnlyForDeploymentPostprocessing = 0;
		};
		3284E2BF25458E66001F14AA /* Resources */ = {
			isa = PBXResourcesBuildPhase;
			buildActionMask = 2147483647;
			files = (
			);
			runOnlyForDeploymentPostprocessing = 0;
		};
/* End PBXResourcesBuildPhase section */

/* Begin PBXSourcesBuildPhase section */
		3284E29125458E3C001F14AA /* Sources */ = {
			isa = PBXSourcesBuildPhase;
			buildActionMask = 2147483647;
			files = (
				3284E29D25458E3C001F14AA /* ViewController.swift in Sources */,
				3284E29925458E3C001F14AA /* AppDelegate.swift in Sources */,
				3284E29B25458E3C001F14AA /* SceneDelegate.swift in Sources */,
			);
			runOnlyForDeploymentPostprocessing = 0;
		};
		3284E2AD25458E56001F14AA /* Sources */ = {
			isa = PBXSourcesBuildPhase;
			buildActionMask = 2147483647;
			files = (
				3284E2B425458E56001F14AA /* UITests.swift in Sources */,
			);
			runOnlyForDeploymentPostprocessing = 0;
		};
		3284E2BD25458E66001F14AA /* Sources */ = {
			isa = PBXSourcesBuildPhase;
			buildActionMask = 2147483647;
			files = (
				3284E2C425458E66001F14AA /* SecondUITests.swift in Sources */,
			);
			runOnlyForDeploymentPostprocessing = 0;
		};
/* End PBXSourcesBuildPhase section */

/* Begin PBXTargetDependency section */
		3284E2B725458E56001F14AA /* PBXTargetDependency */ = {
			isa = PBXTargetDependency;
			target = 3284E29425458E3C001F14AA /* FlankMultiTestTargetsExample */;
			targetProxy = 3284E2B625458E56001F14AA /* PBXContainerItemProxy */;
		};
		3284E2C725458E66001F14AA /* PBXTargetDependency */ = {
			isa = PBXTargetDependency;
			target = 3284E29425458E3C001F14AA /* FlankMultiTestTargetsExample */;
			targetProxy = 3284E2C625458E66001F14AA /* PBXContainerItemProxy */;
		};
/* End PBXTargetDependency section */

/* Begin PBXVariantGroup section */
		3284E29E25458E3C001F14AA /* Main.storyboard */ = {
			isa = PBXVariantGroup;
			children = (
				3284E29F25458E3C001F14AA /* Base */,
			);
			name = Main.storyboard;
			sourceTree = "<group>";
		};
		3284E2A325458E3D001F14AA /* LaunchScreen.storyboard */ = {
			isa = PBXVariantGroup;
			children = (
				3284E2A425458E3D001F14AA /* Base */,
			);
			name = LaunchScreen.storyboard;
			sourceTree = "<group>";
		};
/* End PBXVariantGroup section */

/* Begin XCBuildConfiguration section */
		3284E2A725458E3D001F14AA /* Debug */ = {
			isa = XCBuildConfiguration;
			buildSettings = {
				ALWAYS_SEARCH_USER_PATHS = NO;
				CLANG_ANALYZER_NONNULL = YES;
				CLANG_ANALYZER_NUMBER_OBJECT_CONVERSION = YES_AGGRESSIVE;
				CLANG_CXX_LANGUAGE_STANDARD = "gnu++14";
				CLANG_CXX_LIBRARY = "libc++";
				CLANG_ENABLE_MODULES = YES;
				CLANG_ENABLE_OBJC_ARC = YES;
				CLANG_ENABLE_OBJC_WEAK = YES;
				CLANG_WARN_BLOCK_CAPTURE_AUTORELEASING = YES;
				CLANG_WARN_BOOL_CONVERSION = YES;
				CLANG_WARN_COMMA = YES;
				CLANG_WARN_CONSTANT_CONVERSION = YES;
				CLANG_WARN_DEPRECATED_OBJC_IMPLEMENTATIONS = YES;
				CLANG_WARN_DIRECT_OBJC_ISA_USAGE = YES_ERROR;
				CLANG_WARN_DOCUMENTATION_COMMENTS = YES;
				CLANG_WARN_EMPTY_BODY = YES;
				CLANG_WARN_ENUM_CONVERSION = YES;
				CLANG_WARN_INFINITE_RECURSION = YES;
				CLANG_WARN_INT_CONVERSION = YES;
				CLANG_WARN_NON_LITERAL_NULL_CONVERSION = YES;
				CLANG_WARN_OBJC_IMPLICIT_RETAIN_SELF = YES;
				CLANG_WARN_OBJC_LITERAL_CONVERSION = YES;
				CLANG_WARN_OBJC_ROOT_CLASS = YES_ERROR;
				CLANG_WARN_QUOTED_INCLUDE_IN_FRAMEWORK_HEADER = YES;
				CLANG_WARN_RANGE_LOOP_ANALYSIS = YES;
				CLANG_WARN_STRICT_PROTOTYPES = YES;
				CLANG_WARN_SUSPICIOUS_MOVE = YES;
				CLANG_WARN_UNGUARDED_AVAILABILITY = YES_AGGRESSIVE;
				CLANG_WARN_UNREACHABLE_CODE = YES;
				CLANG_WARN__DUPLICATE_METHOD_MATCH = YES;
				COPY_PHASE_STRIP = NO;
				DEBUG_INFORMATION_FORMAT = dwarf;
				ENABLE_STRICT_OBJC_MSGSEND = YES;
				ENABLE_TESTABILITY = YES;
				GCC_C_LANGUAGE_STANDARD = gnu11;
				GCC_DYNAMIC_NO_PIC = NO;
				GCC_NO_COMMON_BLOCKS = YES;
				GCC_OPTIMIZATION_LEVEL = 0;
				GCC_PREPROCESSOR_DEFINITIONS = (
					"DEBUG=1",
					"$(inherited)",
				);
				GCC_WARN_64_TO_32_BIT_CONVERSION = YES;
				GCC_WARN_ABOUT_RETURN_TYPE = YES_ERROR;
				GCC_WARN_UNDECLARED_SELECTOR = YES;
				GCC_WARN_UNINITIALIZED_AUTOS = YES_AGGRESSIVE;
				GCC_WARN_UNUSED_FUNCTION = YES;
				GCC_WARN_UNUSED_VARIABLE = YES;
				IPHONEOS_DEPLOYMENT_TARGET = 13.0;
				MTL_ENABLE_DEBUG_INFO = INCLUDE_SOURCE;
				MTL_FAST_MATH = YES;
				ONLY_ACTIVE_ARCH = YES;
				SDKROOT = iphoneos;
				SWIFT_ACTIVE_COMPILATION_CONDITIONS = DEBUG;
				SWIFT_OPTIMIZATION_LEVEL = "-Onone";
			};
			name = Debug;
		};
		3284E2A825458E3D001F14AA /* Release */ = {
			isa = XCBuildConfiguration;
			buildSettings = {
				ALWAYS_SEARCH_USER_PATHS = NO;
				CLANG_ANALYZER_NONNULL = YES;
				CLANG_ANALYZER_NUMBER_OBJECT_CONVERSION = YES_AGGRESSIVE;
				CLANG_CXX_LANGUAGE_STANDARD = "gnu++14";
				CLANG_CXX_LIBRARY = "libc++";
				CLANG_ENABLE_MODULES = YES;
				CLANG_ENABLE_OBJC_ARC = YES;
				CLANG_ENABLE_OBJC_WEAK = YES;
				CLANG_WARN_BLOCK_CAPTURE_AUTORELEASING = YES;
				CLANG_WARN_BOOL_CONVERSION = YES;
				CLANG_WARN_COMMA = YES;
				CLANG_WARN_CONSTANT_CONVERSION = YES;
				CLANG_WARN_DEPRECATED_OBJC_IMPLEMENTATIONS = YES;
				CLANG_WARN_DIRECT_OBJC_ISA_USAGE = YES_ERROR;
				CLANG_WARN_DOCUMENTATION_COMMENTS = YES;
				CLANG_WARN_EMPTY_BODY = YES;
				CLANG_WARN_ENUM_CONVERSION = YES;
				CLANG_WARN_INFINITE_RECURSION = YES;
				CLANG_WARN_INT_CONVERSION = YES;
				CLANG_WARN_NON_LITERAL_NULL_CONVERSION = YES;
				CLANG_WARN_OBJC_IMPLICIT_RETAIN_SELF = YES;
				CLANG_WARN_OBJC_LITERAL_CONVERSION = YES;
				CLANG_WARN_OBJC_ROOT_CLASS = YES_ERROR;
				CLANG_WARN_QUOTED_INCLUDE_IN_FRAMEWORK_HEADER = YES;
				CLANG_WARN_RANGE_LOOP_ANALYSIS = YES;
				CLANG_WARN_STRICT_PROTOTYPES = YES;
				CLANG_WARN_SUSPICIOUS_MOVE = YES;
				CLANG_WARN_UNGUARDED_AVAILABILITY = YES_AGGRESSIVE;
				CLANG_WARN_UNREACHABLE_CODE = YES;
				CLANG_WARN__DUPLICATE_METHOD_MATCH = YES;
				COPY_PHASE_STRIP = NO;
				DEBUG_INFORMATION_FORMAT = "dwarf-with-dsym";
				ENABLE_NS_ASSERTIONS = NO;
				ENABLE_STRICT_OBJC_MSGSEND = YES;
				GCC_C_LANGUAGE_STANDARD = gnu11;
				GCC_NO_COMMON_BLOCKS = YES;
				GCC_WARN_64_TO_32_BIT_CONVERSION = YES;
				GCC_WARN_ABOUT_RETURN_TYPE = YES_ERROR;
				GCC_WARN_UNDECLARED_SELECTOR = YES;
				GCC_WARN_UNINITIALIZED_AUTOS = YES_AGGRESSIVE;
				GCC_WARN_UNUSED_FUNCTION = YES;
				GCC_WARN_UNUSED_VARIABLE = YES;
				IPHONEOS_DEPLOYMENT_TARGET = 13.0;
				MTL_ENABLE_DEBUG_INFO = NO;
				MTL_FAST_MATH = YES;
				SDKROOT = iphoneos;
				SWIFT_COMPILATION_MODE = wholemodule;
				SWIFT_OPTIMIZATION_LEVEL = "-O";
				VALIDATE_PRODUCT = YES;
			};
			name = Release;
		};
		3284E2AA25458E3D001F14AA /* Debug */ = {
			isa = XCBuildConfiguration;
			buildSettings = {
				ASSETCATALOG_COMPILER_APPICON_NAME = AppIcon;
				ASSETCATALOG_COMPILER_GLOBAL_ACCENT_COLOR_NAME = AccentColor;
				CODE_SIGN_STYLE = Automatic;
				DEVELOPMENT_TEAM = L2UF9MLSM6;
				INFOPLIST_FILE = FlankMultiTestTargetsExample/Info.plist;
				LD_RUNPATH_SEARCH_PATHS = (
					"$(inherited)",
					"@executable_path/Frameworks",
				);
				PRODUCT_BUNDLE_IDENTIFIER = io.gogoapps.FlankMultiTestTargetsExample;
				PRODUCT_NAME = "$(TARGET_NAME)";
				SWIFT_VERSION = 5.0;
				TARGETED_DEVICE_FAMILY = "1,2";
			};
			name = Debug;
		};
		3284E2AB25458E3D001F14AA /* Release */ = {
			isa = XCBuildConfiguration;
			buildSettings = {
				ASSETCATALOG_COMPILER_APPICON_NAME = AppIcon;
				ASSETCATALOG_COMPILER_GLOBAL_ACCENT_COLOR_NAME = AccentColor;
				CODE_SIGN_STYLE = Automatic;
				DEVELOPMENT_TEAM = L2UF9MLSM6;
				INFOPLIST_FILE = FlankMultiTestTargetsExample/Info.plist;
				LD_RUNPATH_SEARCH_PATHS = (
					"$(inherited)",
					"@executable_path/Frameworks",
				);
				PRODUCT_BUNDLE_IDENTIFIER = io.gogoapps.FlankMultiTestTargetsExample;
				PRODUCT_NAME = "$(TARGET_NAME)";
				SWIFT_VERSION = 5.0;
				TARGETED_DEVICE_FAMILY = "1,2";
			};
			name = Release;
		};
		3284E2B925458E56001F14AA /* Debug */ = {
			isa = XCBuildConfiguration;
			buildSettings = {
				CODE_SIGN_STYLE = Automatic;
				DEVELOPMENT_TEAM = L2UF9MLSM6;
				INFOPLIST_FILE = UITests/Info.plist;
				LD_RUNPATH_SEARCH_PATHS = (
					"$(inherited)",
					"@executable_path/Frameworks",
					"@loader_path/Frameworks",
				);
				PRODUCT_BUNDLE_IDENTIFIER = io.gogoapps.UITests;
				PRODUCT_NAME = "$(TARGET_NAME)";
				SWIFT_VERSION = 5.0;
				TARGETED_DEVICE_FAMILY = "1,2";
				TEST_TARGET_NAME = FlankMultiTestTargetsExample;
			};
			name = Debug;
		};
		3284E2BA25458E56001F14AA /* Release */ = {
			isa = XCBuildConfiguration;
			buildSettings = {
				CODE_SIGN_STYLE = Automatic;
				DEVELOPMENT_TEAM = L2UF9MLSM6;
				INFOPLIST_FILE = UITests/Info.plist;
				LD_RUNPATH_SEARCH_PATHS = (
					"$(inherited)",
					"@executable_path/Frameworks",
					"@loader_path/Frameworks",
				);
				PRODUCT_BUNDLE_IDENTIFIER = io.gogoapps.UITests;
				PRODUCT_NAME = "$(TARGET_NAME)";
				SWIFT_VERSION = 5.0;
				TARGETED_DEVICE_FAMILY = "1,2";
				TEST_TARGET_NAME = FlankMultiTestTargetsExample;
			};
			name = Release;
		};
		3284E2C925458E66001F14AA /* Debug */ = {
			isa = XCBuildConfiguration;
			buildSettings = {
				CODE_SIGN_STYLE = Automatic;
				DEVELOPMENT_TEAM = L2UF9MLSM6;
				INFOPLIST_FILE = SecondUITests/Info.plist;
				LD_RUNPATH_SEARCH_PATHS = (
					"$(inherited)",
					"@executable_path/Frameworks",
					"@loader_path/Frameworks",
				);
				PRODUCT_BUNDLE_IDENTIFIER = io.gogoapps.SecondUITests;
				PRODUCT_NAME = "$(TARGET_NAME)";
				SWIFT_VERSION = 5.0;
				TARGETED_DEVICE_FAMILY = "1,2";
				TEST_TARGET_NAME = FlankMultiTestTargetsExample;
			};
			name = Debug;
		};
		3284E2CA25458E66001F14AA /* Release */ = {
			isa = XCBuildConfiguration;
			buildSettings = {
				CODE_SIGN_STYLE = Automatic;
				DEVELOPMENT_TEAM = L2UF9MLSM6;
				INFOPLIST_FILE = SecondUITests/Info.plist;
				LD_RUNPATH_SEARCH_PATHS = (
					"$(inherited)",
					"@executable_path/Frameworks",
					"@loader_path/Frameworks",
				);
				PRODUCT_BUNDLE_IDENTIFIER = io.gogoapps.SecondUITests;
				PRODUCT_NAME = "$(TARGET_NAME)";
				SWIFT_VERSION = 5.0;
				TARGETED_DEVICE_FAMILY = "1,2";
				TEST_TARGET_NAME = FlankMultiTestTargetsExample;
			};
			name = Release;
		};
/* End XCBuildConfiguration section */

/* Begin XCConfigurationList section */
		3284E29025458E3C001F14AA /* Build configuration list for PBXProject "FlankMultiTestTargetsExample" */ = {
			isa = XCConfigurationList;
			buildConfigurations = (
				3284E2A725458E3D001F14AA /* Debug */,
				3284E2A825458E3D001F14AA /* Release */,
			);
			defaultConfigurationIsVisible = 0;
			defaultConfigurationName = Release;
		};
		3284E2A925458E3D001F14AA /* Build configuration list for PBXNativeTarget "FlankMultiTestTargetsExample" */ = {
			isa = XCConfigurationList;
			buildConfigurations = (
				3284E2AA25458E3D001F14AA /* Debug */,
				3284E2AB25458E3D001F14AA /* Release */,
			);
			defaultConfigurationIsVisible = 0;
			defaultConfigurationName = Release;
		};
		3284E2B825458E56001F14AA /* Build configuration list for PBXNativeTarget "UITests" */ = {
			isa = XCConfigurationList;
			buildConfigurations = (
				3284E2B925458E56001F14AA /* Debug */,
				3284E2BA25458E56001F14AA /* Release */,
			);
			defaultConfigurationIsVisible = 0;
			defaultConfigurationName = Release;
		};
		3284E2C825458E66001F14AA /* Build configuration list for PBXNativeTarget "SecondUITests" */ = {
			isa = XCConfigurationList;
			buildConfigurations = (
				3284E2C925458E66001F14AA /* Debug */,
				3284E2CA25458E66001F14AA /* Release */,
			);
			defaultConfigurationIsVisible = 0;
			defaultConfigurationName = Release;
		};
/* End XCConfigurationList section */
	};
	rootObject = 3284E28D25458E3C001F14AA /* Project object */;
}
